
Microsoft Visual Studio Solution File, Format Version 12.00
# Visual Studio Version 16
VisualStudioVersion = 16.0.29911.84
MinimumVisualStudioVersion = 10.0.40219.1
Project("{888888A0-9F3D-457C-B088-3A5042F75D52}") = "mFirstPython", "mFirstPython\mFirstPython.pyproj", "{14DE40EA-EB7E-499E-9FC6-EAD9A40AD503}"
EndProject
Global
	GlobalSection(SolutionConfigurationPlatforms) = preSolution
		Debug|Any CPU = Debug|Any CPU
		Release|Any CPU = Release|Any CPU
	EndGlobalSection
	GlobalSection(ProjectConfigurationPlatforms) = postSolution
		{14DE40EA-EB7E-499E-9FC6-EAD9A40AD503}.Debug|Any CPU.ActiveCfg = Debug|Any CPU
		{14DE40EA-EB7E-499E-9FC6-EAD9A40AD503}.Release|Any CPU.ActiveCfg = Release|Any CPU
	EndGlobalSection
	GlobalSection(SolutionProperties) = preSolution
		HideSolutionNode = FALSE
	EndGlobalSection
	GlobalSection(ExtensibilityGlobals) = postSolution
		SolutionGuid = {00031EE2-E3C0-4524-88BC-D9FE8B6490D0}
	EndGlobalSection
EndGlobal
